github.com/MakeNowJust/hotkey v0.0.0-20200628032113-41fa0caa507a h1:VuNOuPqMVzE4/RJI7PGkXBkjF4cuCnSNKXZl9WNVA6g=
github.com/MakeNowJust/hotkey v0.0.0-20200628032113-41fa0caa507a/go.mod h1:0rsyU1Bd2nX15GGdZ/ieVlKRED0HSnusBaKyULAJUYQ=
github.com/atotto/clipboard v0.1.2 h1:YZCtFu5Ie8qX2VmVTBnrqLSiU9XOWwqNRmdT3gIQzbY=
github.com/atotto/clipboard v0.1.2/go.mod h1:ZY9tmq7sm5xIbd9bOK4onWV4S6X0u6GY7Vn0Yu86PYI=
github.com/lxn/win v0.0.0-20191128105842-2da648fda5b4 h1:5BmtGkQbch91lglMHQ9JIDGiYCL3kBRBA0ItZTvOcEI=
github.com/lxn/win v0.0.0-20191128105842-2da648fda5b4/go.mod h1:ouWl4wViUNh8tPSIwxTVMuS014WakR1hqvBc2I0bMoA=
golang.org/x/sys v0.0.0-20190904154756-749cb33beabd/go.mod h1:h1NjWce9XRLGQEsW7wpKNCjG9DtNlClVuFLEZdDNbEs=
golang.org/x/sys v0.0.0-20201018121011-98379d014ca7 h1:CNOpL+H7PSxBI7dF/EIUsfOguRSzWp6CQ91yxZE6PG4=
golang.org/x/sys v0.0.0-20201018121011-98379d014ca7/go.mod h1:h1NjWce9XRLGQEsW7wpKNCjG9DtNlClVuFLEZdDNbEs=
